<?xml version="1.0" encoding="utf-8"?>
<Project ToolsVersion="4.0" xmlns="http://schemas.microsoft.com/developer/msbuild/2003">
  <ItemGroup>
    <Filter Include="Source Files">
      <UniqueIdentifier>{4FC737F1-C7A5-4376-A066-2A32D752A2FF}</UniqueIdentifier>
      <Extensions>cpp;c;cc;cxx;def;odl;idl;hpj;bat;asm;asmx</Extensions>
    </Filter>
    <Filter Include="Header Files">
      <UniqueIdentifier>{93995380-89BD-4b04-88EB-625FBE52EBFB}</UniqueIdentifier>
      <Extensions>h;hh;hpp;hxx;hm;inl;inc;xsd</Extensions>
    </Filter>
    <Filter Include="Resource Files">
      <UniqueIdentifier>{67DA6AB6-F800-4c08-8B7A-83BB121AAD01}</UniqueIdentifier>
      <Extensions>rc;ico;cur;bmp;dlg;rc2;rct;bin;rgs;gif;jpg;jpeg;jpe;resx;tiff;tif;png;wav;mfcribbon-ms</Extensions>
    </Filter>
  </ItemGroup>
  <ItemGroup>
    <ClInclude Include="vector_bubblesort.h">
      <Filter>Header Files</Filter>
    </ClInclude>
    <ClInclude Include="vector_partition_B.h">
      <Filter>Header Files</Filter>
    </ClInclude>
    <ClInclude Include="vector_search_binary_b.h">
      <Filter>Header Files</Filter>
    </ClInclude>
    <ClInclude Include="vector_partition_c.h">
      <Filter>Header Files</Filter>
    </ClInclude>
    <ClInclude Include="vector_bubble_fast.h">
      <Filter>Header Files</Filter>
    </ClInclude>
    <ClInclude Include="vector.h">
      <Filter>Header Files</Filter>
    </ClInclude>
    <ClInclude Include="permute.h">
      <Filter>Header Files</Filter>
    </ClInclude>
    <ClInclude Include="vector_assignment.h">
      <Filter>Header Files</Filter>
    </ClInclude>
    <ClInclude Include="vector_bracket.h">
      <Filter>Header Files</Filter>
    </ClInclude>
    <ClInclude Include="vector_bubble.h">
      <Filter>Header Files</Filter>
    </ClInclude>
    <ClInclude Include="vector_bubblesort_fast.h">
      <Filter>Header Files</Filter>
    </ClInclude>
    <ClInclude Include="vector_constructor_by_copying.h">
      <Filter>Header Files</Filter>
    </ClInclude>
    <ClInclude Include="vector_deduplicate.h">
      <Filter>Header Files</Filter>
    </ClInclude>
    <ClInclude Include="vector_deduplicate_1.h">
      <Filter>Header Files</Filter>
    </ClInclude>
    <ClInclude Include="vector_deduplicate_wrong_1.h">
      <Filter>Header Files</Filter>
    </ClInclude>
    <ClInclude Include="vector_disordered.h">
      <Filter>Header Files</Filter>
    </ClInclude>
    <ClInclude Include="vector_expand.h">
      <Filter>Header Files</Filter>
    </ClInclude>
    <ClInclude Include="vector_find.h">
      <Filter>Header Files</Filter>
    </ClInclude>
    <ClInclude Include="vector_heapSort.h">
      <Filter>Header Files</Filter>
    </ClInclude>
    <ClInclude Include="vector_implementation.h">
      <Filter>Header Files</Filter>
    </ClInclude>
    <ClInclude Include="vector_insert.h">
      <Filter>Header Files</Filter>
    </ClInclude>
    <ClInclude Include="vector_merge.h">
      <Filter>Header Files</Filter>
    </ClInclude>
    <ClInclude Include="vector_merge_optimized.h">
      <Filter>Header Files</Filter>
    </ClInclude>
    <ClInclude Include="vector_mergesort.h">
      <Filter>Header Files</Filter>
    </ClInclude>
    <ClInclude Include="vector_partition_a.h">
      <Filter>Header Files</Filter>
    </ClInclude>
    <ClInclude Include="vector_partition_a1.h">
      <Filter>Header Files</Filter>
    </ClInclude>
    <ClInclude Include="vector_partition_b1.h">
      <Filter>Header Files</Filter>
    </ClInclude>
    <ClInclude Include="vector_quicksort.h">
      <Filter>Header Files</Filter>
    </ClInclude>
    <ClInclude Include="vector_remove.h">
      <Filter>Header Files</Filter>
    </ClInclude>
    <ClInclude Include="vector_removeinterval.h">
      <Filter>Header Files</Filter>
    </ClInclude>
    <ClInclude Include="vector_search.h">
      <Filter>Header Files</Filter>
    </ClInclude>
    <ClInclude Include="vector_search_binary_a.h">
      <Filter>Header Files</Filter>
    </ClInclude>
    <ClInclude Include="vector_search_binary_c.h">
      <Filter>Header Files</Filter>
    </ClInclude>
    <ClInclude Include="Vector_search_fibonaccian_A.h">
      <Filter>Header Files</Filter>
    </ClInclude>
    <ClInclude Include="vector_search_fibonaccian_b.h">
      <Filter>Header Files</Filter>
    </ClInclude>
    <ClInclude Include="vector_selectionsort.h">
      <Filter>Header Files</Filter>
    </ClInclude>
    <ClInclude Include="vector_shrink.h">
      <Filter>Header Files</Filter>
    </ClInclude>
    <ClInclude Include="vector_sort.h">
      <Filter>Header Files</Filter>
    </ClInclude>
    <ClInclude Include="vector_test.h">
      <Filter>Header Files</Filter>
    </ClInclude>
    <ClInclude Include="vector_traverse.h">
      <Filter>Header Files</Filter>
    </ClInclude>
    <ClInclude Include="Vector_uniquify.h">
      <Filter>Header Files</Filter>
    </ClInclude>
    <ClInclude Include="vector_uniquify_slow.h">
      <Filter>Header Files</Filter>
    </ClInclude>
    <ClInclude Include="vector_unsort.h">
      <Filter>Header Files</Filter>
    </ClInclude>
    <ClInclude Include="..\uniprint\print.h">
      <Filter>Resource Files</Filter>
    </ClInclude>
    <ClInclude Include="..\uniprint\print_implementation.h">
      <Filter>Resource Files</Filter>
    </ClInclude>
    <ClInclude Include="..\uniprint\print_int_array.h">
      <Filter>Resource Files</Filter>
    </ClInclude>
    <ClInclude Include="..\uniprint\print_traversable.h">
      <Filter>Resource Files</Filter>
    </ClInclude>
    <ClInclude Include="resource.h">
      <Filter>Header Files</Filter>
    </ClInclude>
    <ClInclude Include="..\fibonacci\Fib.h">
      <Filter>Resource Files</Filter>
    </ClInclude>
    <ClInclude Include="..\_share\checkOrder_Elem.h">
      <Filter>Resource Files</Filter>
    </ClInclude>
    <ClInclude Include="..\_share\checkorder_vector.h">
      <Filter>Resource Files</Filter>
    </ClInclude>
    <ClInclude Include="..\_share\comparator.h">
      <Filter>Resource Files</Filter>
    </ClInclude>
    <ClInclude Include="..\_share\crc_Elem.h">
      <Filter>Resource Files</Filter>
    </ClInclude>
    <ClInclude Include="..\_share\crc_vector.h">
      <Filter>Resource Files</Filter>
    </ClInclude>
    <ClInclude Include="..\_share\decrease_elem.h">
      <Filter>Resource Files</Filter>
    </ClInclude>
    <ClInclude Include="..\_share\decrease_vector.h">
      <Filter>Resource Files</Filter>
    </ClInclude>
    <ClInclude Include="..\_share\double_Elem.h">
      <Filter>Resource Files</Filter>
    </ClInclude>
    <ClInclude Include="..\_share\double_vector.h">
      <Filter>Resource Files</Filter>
    </ClInclude>
    <ClInclude Include="..\_share\hailstone_elem.h">
      <Filter>Resource Files</Filter>
    </ClInclude>
    <ClInclude Include="..\_share\half_elem.h">
      <Filter>Resource Files</Filter>
    </ClInclude>
    <ClInclude Include="..\_share\increase_elem.h">
      <Filter>Resource Files</Filter>
    </ClInclude>
    <ClInclude Include="..\_share\increase_vector.h">
      <Filter>Resource Files</Filter>
    </ClInclude>
    <ClInclude Include="..\_share\rand.h">
      <Filter>Resource Files</Filter>
    </ClInclude>
    <ClInclude Include="..\_share\release.h">
      <Filter>Resource Files</Filter>
    </ClInclude>
    <ClInclude Include="..\_share\util.h">
      <Filter>Resource Files</Filter>
    </ClInclude>
  </ItemGroup>
  <ItemGroup>
    <ClCompile Include="main.cpp">
      <Filter>Source Files</Filter>
    </ClCompile>
    <ClCompile Include="..\uniprint\print_basic.cpp">
      <Filter>Resource Files</Filter>
    </ClCompile>
    <ClCompile Include="..\uniprint\print_int_array.cpp">
      <Filter>Resource Files</Filter>
    </ClCompile>
  </ItemGroup>
  <ItemGroup>
    <ResourceCompile Include="vector.rc">
      <Filter>Resource Files</Filter>
    </ResourceCompile>
  </ItemGroup>
</Project>